
Microsoft Visual Studio Solution File, Format Version 12.00
# Visual Studio 15
VisualStudioVersion = 15.0.26228.4
MinimumVisualStudioVersion = 10.0.40219.1
Project("{FAE04EC0-301F-11D3-BF4B-00C04F79EFBC}") = "Le-Cafe-Api", "Le-Cafe-Api\Le-Cafe-Api.csproj", "{5ACE440A-6406-41F6-80ED-32FDEE9AE766}"
EndProject
Project("{2150E333-8FDC-42A3-9474-1A3956D46DE8}") = "common", "common", "{45D398B1-EB70-4079-8209-B0B66719857E}"
EndProject
Project("{FAE04EC0-301F-11D3-BF4B-00C04F79EFBC}") = "libraries", "libraries\libraries.csproj", "{6DC3DD6D-E6F4-4C5E-BE53-3CA8CF8B28E2}"
EndProject
Project("{FAE04EC0-301F-11D3-BF4B-00C04F79EFBC}") = "dtos", "dtos\dtos.csproj", "{6EB619F0-16A4-4137-87C6-A43A0E6FEE9B}"
EndProject
Project("{FAE04EC0-301F-11D3-BF4B-00C04F79EFBC}") = "entities", "entities\entities.csproj", "{209E3781-7E7D-41D4-92CE-F724DF8185CD}"
EndProject
Project("{FAE04EC0-301F-11D3-BF4B-00C04F79EFBC}") = "enums", "enums\enums.csproj", "{9094D055-173E-41A9-AE48-BD8E069C58B1}"
EndProject
Project("{FAE04EC0-301F-11D3-BF4B-00C04F79EFBC}") = "exceptions", "exceptions\exceptions.csproj", "{05939D2F-2930-4D16-AFCE-01CEBFC867AA}"
EndProject
Project("{FAE04EC0-301F-11D3-BF4B-00C04F79EFBC}") = "resources", "resources\resources.csproj", "{E8AE529B-08A5-4222-A51D-010803259EF6}"
EndProject
Project("{2150E333-8FDC-42A3-9474-1A3956D46DE8}") = "logic", "logic", "{48D9B27D-67D2-42D9-9AD8-80E885EDF342}"
EndProject
Project("{FAE04EC0-301F-11D3-BF4B-00C04F79EFBC}") = "Commands", "Commands\Commands.csproj", "{36A7E26F-D122-4662-B151-7F80E4E468EB}"
EndProject
Project("{2150E333-8FDC-42A3-9474-1A3956D46DE8}") = "persistance", "persistance", "{3C257873-D295-47B4-B79A-A1B504087609}"
EndProject
Project("{FAE04EC0-301F-11D3-BF4B-00C04F79EFBC}") = "daoNHibernate", "daoNHibernate\daoNHibernate.csproj", "{3617E9F1-ACCA-4C0A-8D83-718E9783E7CF}"
EndProject
Project("{FAE04EC0-301F-11D3-BF4B-00C04F79EFBC}") = "interfaces", "interfaces\interfaces.csproj", "{0C6B7A39-BC4B-4F1A-8E38-19786E02F35A}"
EndProject
Project("{2150E333-8FDC-42A3-9474-1A3956D46DE8}") = "tests", "tests", "{84F9EF00-6225-457A-A758-5F3FCC9B3E5F}"
EndProject
Project("{FAE04EC0-301F-11D3-BF4B-00C04F79EFBC}") = "unit", "unit\unit.csproj", "{8EDF4429-251A-416D-BB68-93F227191BCF}"
EndProject
Global
	GlobalSection(SolutionConfigurationPlatforms) = preSolution
		Debug|Any CPU = Debug|Any CPU
		Release|Any CPU = Release|Any CPU
	EndGlobalSection
	GlobalSection(ProjectConfigurationPlatforms) = postSolution
		{5ACE440A-6406-41F6-80ED-32FDEE9AE766}.Debug|Any CPU.ActiveCfg = Debug|Any CPU
		{5ACE440A-6406-41F6-80ED-32FDEE9AE766}.Debug|Any CPU.Build.0 = Debug|Any CPU
		{5ACE440A-6406-41F6-80ED-32FDEE9AE766}.Release|Any CPU.ActiveCfg = Release|Any CPU
		{5ACE440A-6406-41F6-80ED-32FDEE9AE766}.Release|Any CPU.Build.0 = Release|Any CPU
		{6DC3DD6D-E6F4-4C5E-BE53-3CA8CF8B28E2}.Debug|Any CPU.ActiveCfg = Debug|Any CPU
		{6DC3DD6D-E6F4-4C5E-BE53-3CA8CF8B28E2}.Debug|Any CPU.Build.0 = Debug|Any CPU
		{6DC3DD6D-E6F4-4C5E-BE53-3CA8CF8B28E2}.Release|Any CPU.ActiveCfg = Release|Any CPU
		{6DC3DD6D-E6F4-4C5E-BE53-3CA8CF8B28E2}.Release|Any CPU.Build.0 = Release|Any CPU
		{6EB619F0-16A4-4137-87C6-A43A0E6FEE9B}.Debug|Any CPU.ActiveCfg = Debug|Any CPU
		{6EB619F0-16A4-4137-87C6-A43A0E6FEE9B}.Debug|Any CPU.Build.0 = Debug|Any CPU
		{6EB619F0-16A4-4137-87C6-A43A0E6FEE9B}.Release|Any CPU.ActiveCfg = Release|Any CPU
		{6EB619F0-16A4-4137-87C6-A43A0E6FEE9B}.Release|Any CPU.Build.0 = Release|Any CPU
		{209E3781-7E7D-41D4-92CE-F724DF8185CD}.Debug|Any CPU.ActiveCfg = Debug|Any CPU
		{209E3781-7E7D-41D4-92CE-F724DF8185CD}.Debug|Any CPU.Build.0 = Debug|Any CPU
		{209E3781-7E7D-41D4-92CE-F724DF8185CD}.Release|Any CPU.ActiveCfg = Release|Any CPU
		{209E3781-7E7D-41D4-92CE-F724DF8185CD}.Release|Any CPU.Build.0 = Release|Any CPU
		{9094D055-173E-41A9-AE48-BD8E069C58B1}.Debug|Any CPU.ActiveCfg = Debug|Any CPU
		{9094D055-173E-41A9-AE48-BD8E069C58B1}.Debug|Any CPU.Build.0 = Debug|Any CPU
		{9094D055-173E-41A9-AE48-BD8E069C58B1}.Release|Any CPU.ActiveCfg = Release|Any CPU
		{9094D055-173E-41A9-AE48-BD8E069C58B1}.Release|Any CPU.Build.0 = Release|Any CPU
		{05939D2F-2930-4D16-AFCE-01CEBFC867AA}.Debug|Any CPU.ActiveCfg = Debug|Any CPU
		{05939D2F-2930-4D16-AFCE-01CEBFC867AA}.Debug|Any CPU.Build.0 = Debug|Any CPU
		{05939D2F-2930-4D16-AFCE-01CEBFC867AA}.Release|Any CPU.ActiveCfg = Release|Any CPU
		{05939D2F-2930-4D16-AFCE-01CEBFC867AA}.Release|Any CPU.Build.0 = Release|Any CPU
		{E8AE529B-08A5-4222-A51D-010803259EF6}.Debug|Any CPU.ActiveCfg = Debug|Any CPU
		{E8AE529B-08A5-4222-A51D-010803259EF6}.Debug|Any CPU.Build.0 = Debug|Any CPU
		{E8AE529B-08A5-4222-A51D-010803259EF6}.Release|Any CPU.ActiveCfg = Release|Any CPU
		{E8AE529B-08A5-4222-A51D-010803259EF6}.Release|Any CPU.Build.0 = Release|Any CPU
		{36A7E26F-D122-4662-B151-7F80E4E468EB}.Debug|Any CPU.ActiveCfg = Debug|Any CPU
		{36A7E26F-D122-4662-B151-7F80E4E468EB}.Debug|Any CPU.Build.0 = Debug|Any CPU
		{36A7E26F-D122-4662-B151-7F80E4E468EB}.Release|Any CPU.ActiveCfg = Release|Any CPU
		{36A7E26F-D122-4662-B151-7F80E4E468EB}.Release|Any CPU.Build.0 = Release|Any CPU
		{3617E9F1-ACCA-4C0A-8D83-718E9783E7CF}.Debug|Any CPU.ActiveCfg = Debug|Any CPU
		{3617E9F1-ACCA-4C0A-8D83-718E9783E7CF}.Debug|Any CPU.Build.0 = Debug|Any CPU
		{3617E9F1-ACCA-4C0A-8D83-718E9783E7CF}.Release|Any CPU.ActiveCfg = Release|Any CPU
		{3617E9F1-ACCA-4C0A-8D83-718E9783E7CF}.Release|Any CPU.Build.0 = Release|Any CPU
		{0C6B7A39-BC4B-4F1A-8E38-19786E02F35A}.Debug|Any CPU.ActiveCfg = Debug|Any CPU
		{0C6B7A39-BC4B-4F1A-8E38-19786E02F35A}.Debug|Any CPU.Build.0 = Debug|Any CPU
		{0C6B7A39-BC4B-4F1A-8E38-19786E02F35A}.Release|Any CPU.ActiveCfg = Release|Any CPU
		{0C6B7A39-BC4B-4F1A-8E38-19786E02F35A}.Release|Any CPU.Build.0 = Release|Any CPU
		{8EDF4429-251A-416D-BB68-93F227191BCF}.Debug|Any CPU.ActiveCfg = Debug|Any CPU
		{8EDF4429-251A-416D-BB68-93F227191BCF}.Debug|Any CPU.Build.0 = Debug|Any CPU
		{8EDF4429-251A-416D-BB68-93F227191BCF}.Release|Any CPU.ActiveCfg = Release|Any CPU
		{8EDF4429-251A-416D-BB68-93F227191BCF}.Release|Any CPU.Build.0 = Release|Any CPU
	EndGlobalSection
	GlobalSection(SolutionProperties) = preSolution
		HideSolutionNode = FALSE
	EndGlobalSection
	GlobalSection(NestedProjects) = preSolution
		{6DC3DD6D-E6F4-4C5E-BE53-3CA8CF8B28E2} = {45D398B1-EB70-4079-8209-B0B66719857E}
		{6EB619F0-16A4-4137-87C6-A43A0E6FEE9B} = {45D398B1-EB70-4079-8209-B0B66719857E}
		{209E3781-7E7D-41D4-92CE-F724DF8185CD} = {45D398B1-EB70-4079-8209-B0B66719857E}
		{9094D055-173E-41A9-AE48-BD8E069C58B1} = {45D398B1-EB70-4079-8209-B0B66719857E}
		{05939D2F-2930-4D16-AFCE-01CEBFC867AA} = {45D398B1-EB70-4079-8209-B0B66719857E}
		{E8AE529B-08A5-4222-A51D-010803259EF6} = {45D398B1-EB70-4079-8209-B0B66719857E}
		{36A7E26F-D122-4662-B151-7F80E4E468EB} = {48D9B27D-67D2-42D9-9AD8-80E885EDF342}
		{3617E9F1-ACCA-4C0A-8D83-718E9783E7CF} = {3C257873-D295-47B4-B79A-A1B504087609}
		{0C6B7A39-BC4B-4F1A-8E38-19786E02F35A} = {3C257873-D295-47B4-B79A-A1B504087609}
		{8EDF4429-251A-416D-BB68-93F227191BCF} = {84F9EF00-6225-457A-A758-5F3FCC9B3E5F}
	EndGlobalSection
EndGlobal
